{
    "_readme": [
        "This file locks the dependencies of your project to a known state",
        "Read more about it at https://getcomposer.org/doc/01-basic-usage.md#composer-lock-the-lock-file",
        "This file is @generated automatically"
    ],
    "content-hash": "1ea8f92bb50bf6618262eb605c30f4b7",
    "packages": [
        {
            "name": "justintadlock/hybrid-core",
            "version": "4.0.0",
            "source": {
                "type": "git",
                "url": "https://github.com/justintadlock/hybrid-core.git",
                "reference": "272a96f692379cca31d442c5785d1610be74013e"
            },
            "dist": {
                "type": "zip",
                "url": "https://api.github.com/repos/justintadlock/hybrid-core/zipball/272a96f692379cca31d442c5785d1610be74013e",
                "reference": "272a96f692379cca31d442c5785d1610be74013e",
                "shasum": ""
            },
            "type": "library",
            "autoload": {
                "classmap": [
                    "hybrid.php"
                ]
            },
            "notification-url": "https://packagist.org/downloads/",
            "license": [
                "GPL-2.0+"
            ],
            "authors": [
                {
                    "name": "Justin Tadlock",
                    "email": "justin@justintadlock.com",
                    "homepage": "http://justintadlock.com"
                }
            ],
            "description": "Hybrid Core WordPress theme framework",
            "homepage": "https://themehybrid.com/hybrid-core",
            "keywords": [
                "wordpress"
            ],
            "time": "2017-07-31T22:44:46+00:00"
        }
    ],
    "packages-dev": [],
    "aliases": [],
    "minimum-stability": "stable",
    "stability-flags": [],
    "prefer-stable": false,
    "prefer-lowest": false,
    "platform": [],
    "platform-dev": []
}
